
Microsoft Visual Studio Solution File, Format Version 12.00
# Visual Studio Version 16
VisualStudioVersion = 16.0.31624.102
MinimumVisualStudioVersion = 10.0.40219.1
Project("{FAE04EC0-301F-11D3-BF4B-00C04F79EFBC}") = "SDJailMode", "SDJailMode\SDJailMode.csproj", "{305D9C91-F20E-41C3-87BA-DEFFE4F2645D}"
EndProject
Global
	GlobalSection(SolutionConfigurationPlatforms) = preSolution
		Debug|Any CPU = Debug|Any CPU
		Release|Any CPU = Release|Any CPU
	EndGlobalSection
	GlobalSection(ProjectConfigurationPlatforms) = postSolution
		{305D9C91-F20E-41C3-87BA-DEFFE4F2645D}.Debug|Any CPU.ActiveCfg = Debug|Any CPU
		{305D9C91-F20E-41C3-87BA-DEFFE4F2645D}.Debug|Any CPU.Build.0 = Debug|Any CPU
		{305D9C91-F20E-41C3-87BA-DEFFE4F2645D}.Release|Any CPU.ActiveCfg = Release|Any CPU
		{305D9C91-F20E-41C3-87BA-DEFFE4F2645D}.Release|Any CPU.Build.0 = Release|Any CPU
	EndGlobalSection
	GlobalSection(SolutionProperties) = preSolution
		HideSolutionNode = FALSE
	EndGlobalSection
	GlobalSection(ExtensibilityGlobals) = postSolution
		SolutionGuid = {5647513D-C9B8-4E71-A000-549AFB14F5F9}
	EndGlobalSection
EndGlobal
